
Microsoft Visual Studio Solution File, Format Version 12.00
# Visual Studio Version 16
VisualStudioVersion = 16.0.31205.134
MinimumVisualStudioVersion = 10.0.40219.1
Project("{8BC9CEB8-8B4A-11D0-8D11-00A0C91BC942}") = "MYTAOBAO", "MYTAOBAO\MYTAOBAO.vcxproj", "{47F932B1-AC0B-497B-A8D1-949753A39A32}"
EndProject
Project("{8BC9CEB8-8B4A-11D0-8D11-00A0C91BC942}") = "MYTAOBAO_Server", "MYTAOBAO_client\MYTAOBAO_client.vcxproj", "{3A711407-5C09-435D-958F-88B5D4372389}"
EndProject
Project("{8BC9CEB8-8B4A-11D0-8D11-00A0C91BC942}") = "MYTAOBAO_RealClient", "MYTAOBAO_RealClient\MYTAOBAO_RealClient.vcxproj", "{C3BB307A-7E68-4836-846B-2D83383A1B8F}"
EndProject
Global
	GlobalSection(SolutionConfigurationPlatforms) = preSolution
		Debug|x64 = Debug|x64
		Debug|x86 = Debug|x86
		Release|x64 = Release|x64
		Release|x86 = Release|x86
	EndGlobalSection
	GlobalSection(ProjectConfigurationPlatforms) = postSolution
		{47F932B1-AC0B-497B-A8D1-949753A39A32}.Debug|x64.ActiveCfg = Debug|x64
		{47F932B1-AC0B-497B-A8D1-949753A39A32}.Debug|x64.Build.0 = Debug|x64
		{47F932B1-AC0B-497B-A8D1-949753A39A32}.Debug|x86.ActiveCfg = Debug|Win32
		{47F932B1-AC0B-497B-A8D1-949753A39A32}.Debug|x86.Build.0 = Debug|Win32
		{47F932B1-AC0B-497B-A8D1-949753A39A32}.Release|x64.ActiveCfg = Release|x64
		{47F932B1-AC0B-497B-A8D1-949753A39A32}.Release|x64.Build.0 = Release|x64
		{47F932B1-AC0B-497B-A8D1-949753A39A32}.Release|x86.ActiveCfg = Release|Win32
		{47F932B1-AC0B-497B-A8D1-949753A39A32}.Release|x86.Build.0 = Release|Win32
		{3A711407-5C09-435D-958F-88B5D4372389}.Debug|x64.ActiveCfg = Debug|x64
		{3A711407-5C09-435D-958F-88B5D4372389}.Debug|x64.Build.0 = Debug|x64
		{3A711407-5C09-435D-958F-88B5D4372389}.Debug|x86.ActiveCfg = Debug|Win32
		{3A711407-5C09-435D-958F-88B5D4372389}.Debug|x86.Build.0 = Debug|Win32
		{3A711407-5C09-435D-958F-88B5D4372389}.Release|x64.ActiveCfg = Release|x64
		{3A711407-5C09-435D-958F-88B5D4372389}.Release|x64.Build.0 = Release|x64
		{3A711407-5C09-435D-958F-88B5D4372389}.Release|x86.ActiveCfg = Release|Win32
		{3A711407-5C09-435D-958F-88B5D4372389}.Release|x86.Build.0 = Release|Win32
		{C3BB307A-7E68-4836-846B-2D83383A1B8F}.Debug|x64.ActiveCfg = Debug|x64
		{C3BB307A-7E68-4836-846B-2D83383A1B8F}.Debug|x64.Build.0 = Debug|x64
		{C3BB307A-7E68-4836-846B-2D83383A1B8F}.Debug|x86.ActiveCfg = Debug|Win32
		{C3BB307A-7E68-4836-846B-2D83383A1B8F}.Debug|x86.Build.0 = Debug|Win32
		{C3BB307A-7E68-4836-846B-2D83383A1B8F}.Release|x64.ActiveCfg = Release|x64
		{C3BB307A-7E68-4836-846B-2D83383A1B8F}.Release|x64.Build.0 = Release|x64
		{C3BB307A-7E68-4836-846B-2D83383A1B8F}.Release|x86.ActiveCfg = Release|Win32
		{C3BB307A-7E68-4836-846B-2D83383A1B8F}.Release|x86.Build.0 = Release|Win32
	EndGlobalSection
	GlobalSection(SolutionProperties) = preSolution
		HideSolutionNode = FALSE
	EndGlobalSection
	GlobalSection(ExtensibilityGlobals) = postSolution
		SolutionGuid = {3B8CDA8C-D977-4091-996B-602D20BC7295}
	EndGlobalSection
EndGlobal
