<?xml version="1.0" encoding="utf-8"?>
<Project ToolsVersion="4.0" xmlns="http://schemas.microsoft.com/developer/msbuild/2003">
  <ItemGroup>
    <Filter Include="源文件">
      <UniqueIdentifier>{4FC737F1-C7A5-4376-A066-2A32D752A2FF}</UniqueIdentifier>
      <Extensions>cpp;c;cc;cxx;c++;cppm;ixx;def;odl;idl;hpj;bat;asm;asmx</Extensions>
    </Filter>
    <Filter Include="头文件">
      <UniqueIdentifier>{93995380-89BD-4b04-88EB-625FBE52EBFB}</UniqueIdentifier>
      <Extensions>h;hh;hpp;hxx;h++;hm;inl;inc;ipp;xsd</Extensions>
    </Filter>
    <Filter Include="资源文件">
      <UniqueIdentifier>{67DA6AB6-F800-4c08-8B7A-83BB121AAD01}</UniqueIdentifier>
      <Extensions>rc;ico;cur;bmp;dlg;rc2;rct;bin;rgs;gif;jpg;jpeg;jpe;resx;tiff;tif;png;wav;mfcribbon-ms</Extensions>
    </Filter>
  </ItemGroup>
  <ItemGroup>
    <ClCompile Include="MYTAOBAO.cpp">
      <Filter>源文件</Filter>
    </ClCompile>
    <ClCompile Include="BaseUsr.cpp">
      <Filter>源文件</Filter>
    </ClCompile>
    <ClCompile Include="BaseGoods.cpp">
      <Filter>源文件</Filter>
    </ClCompile>
    <ClCompile Include="Customer.cpp">
      <Filter>源文件</Filter>
    </ClCompile>
    <ClCompile Include="Server.cpp">
      <Filter>源文件</Filter>
    </ClCompile>
    <ClCompile Include="Book.cpp">
      <Filter>源文件</Filter>
    </ClCompile>
    <ClCompile Include="Cloths.cpp">
      <Filter>源文件</Filter>
    </ClCompile>
    <ClCompile Include="EleProduct.cpp">
      <Filter>源文件</Filter>
    </ClCompile>
    <ClCompile Include="Businessman.cpp">
      <Filter>源文件</Filter>
    </ClCompile>
    <ClCompile Include="ViewManger.cpp">
      <Filter>源文件</Filter>
    </ClCompile>
    <ClCompile Include="BaseView.cpp">
      <Filter>源文件</Filter>
    </ClCompile>
    <ClCompile Include="MainView.cpp">
      <Filter>源文件</Filter>
    </ClCompile>
    <ClCompile Include="LoginView.cpp">
      <Filter>源文件</Filter>
    </ClCompile>
    <ClCompile Include="LogoutView.cpp">
      <Filter>源文件</Filter>
    </ClCompile>
    <ClCompile Include="SignUpView.cpp">
      <Filter>源文件</Filter>
    </ClCompile>
    <ClCompile Include="CustmomerView.cpp">
      <Filter>源文件</Filter>
    </ClCompile>
    <ClCompile Include="BusinessmanView.cpp">
      <Filter>源文件</Filter>
    </ClCompile>
    <ClCompile Include="FailureView.cpp">
      <Filter>源文件</Filter>
    </ClCompile>
    <ClCompile Include="CusResultView.cpp">
      <Filter>源文件</Filter>
    </ClCompile>
    <ClCompile Include="GoodsView.cpp">
      <Filter>源文件</Filter>
    </ClCompile>
    <ClCompile Include="BuyView.cpp">
      <Filter>源文件</Filter>
    </ClCompile>
    <ClCompile Include="DisCountView.cpp">
      <Filter>源文件</Filter>
    </ClCompile>
    <ClCompile Include="ChangePassView.cpp">
      <Filter>源文件</Filter>
    </ClCompile>
    <ClCompile Include="BusResultView.cpp">
      <Filter>源文件</Filter>
    </ClCompile>
    <ClCompile Include="shoppingCart.cpp">
      <Filter>源文件</Filter>
    </ClCompile>
  </ItemGroup>
  <ItemGroup>
    <ClInclude Include="BaseUsr.h">
      <Filter>头文件</Filter>
    </ClInclude>
    <ClInclude Include="BaseGoods.h">
      <Filter>头文件</Filter>
    </ClInclude>
    <ClInclude Include="Customer.h">
      <Filter>头文件</Filter>
    </ClInclude>
    <ClInclude Include="Server.h">
      <Filter>头文件</Filter>
    </ClInclude>
    <ClInclude Include="Book.h">
      <Filter>头文件</Filter>
    </ClInclude>
    <ClInclude Include="Cloths.h">
      <Filter>头文件</Filter>
    </ClInclude>
    <ClInclude Include="EleProduct.h">
      <Filter>头文件</Filter>
    </ClInclude>
    <ClInclude Include="Businessman.h">
      <Filter>头文件</Filter>
    </ClInclude>
    <ClInclude Include="Goods.h">
      <Filter>头文件</Filter>
    </ClInclude>
    <ClInclude Include="ViewManger.h">
      <Filter>头文件</Filter>
    </ClInclude>
    <ClInclude Include="BaseView.h">
      <Filter>头文件</Filter>
    </ClInclude>
    <ClInclude Include="MainView.h">
      <Filter>头文件</Filter>
    </ClInclude>
    <ClInclude Include="LoginView.h">
      <Filter>头文件</Filter>
    </ClInclude>
    <ClInclude Include="LogoutView.h">
      <Filter>头文件</Filter>
    </ClInclude>
    <ClInclude Include="SignUpView.h">
      <Filter>头文件</Filter>
    </ClInclude>
    <ClInclude Include="CustmomerView.h">
      <Filter>头文件</Filter>
    </ClInclude>
    <ClInclude Include="BusinessmanView.h">
      <Filter>头文件</Filter>
    </ClInclude>
    <ClInclude Include="FailureView.h">
      <Filter>头文件</Filter>
    </ClInclude>
    <ClInclude Include="CusResultView.h">
      <Filter>头文件</Filter>
    </ClInclude>
    <ClInclude Include="GoodsView.h">
      <Filter>头文件</Filter>
    </ClInclude>
    <ClInclude Include="Views.h">
      <Filter>头文件</Filter>
    </ClInclude>
    <ClInclude Include="BuyView.h">
      <Filter>头文件</Filter>
    </ClInclude>
    <ClInclude Include="DisCountView.h">
      <Filter>头文件</Filter>
    </ClInclude>
    <ClInclude Include="ChangePassView.h">
      <Filter>头文件</Filter>
    </ClInclude>
    <ClInclude Include="BusResultView.h">
      <Filter>头文件</Filter>
    </ClInclude>
    <ClInclude Include="shoppingCart.h">
      <Filter>头文件</Filter>
    </ClInclude>
  </ItemGroup>
  <ItemGroup>
    <Text Include="baseFile\logo.txt">
      <Filter>资源文件</Filter>
    </Text>
  </ItemGroup>
  <ItemGroup>
    <None Include="config.json">
      <Filter>资源文件</Filter>
    </None>
    <None Include="..\README.md">
      <Filter>资源文件</Filter>
    </None>
    <None Include="baseFile\goodsFile\defalutGoods.json">
      <Filter>资源文件</Filter>
    </None>
  </ItemGroup>
</Project>